
Microsoft Visual Studio Solution File, Format Version 12.00
# Visual Studio Version 17
VisualStudioVersion = 17.6.33723.286
MinimumVisualStudioVersion = 10.0.40219.1
Project("{FAE04EC0-301F-11D3-BF4B-00C04F79EFBC}") = "Acheve IT Consultancy", "Acheve IT Consultancy\Acheve IT Consultancy.csproj", "{DFB0D8C1-CC2A-4193-AB95-131CC354553A}"
EndProject
Global
	GlobalSection(SolutionConfigurationPlatforms) = preSolution
		Debug|Any CPU = Debug|Any CPU
		Release|Any CPU = Release|Any CPU
	EndGlobalSection
	GlobalSection(ProjectConfigurationPlatforms) = postSolution
		{DFB0D8C1-CC2A-4193-AB95-131CC354553A}.Debug|Any CPU.ActiveCfg = Debug|Any CPU
		{DFB0D8C1-CC2A-4193-AB95-131CC354553A}.Debug|Any CPU.Build.0 = Debug|Any CPU
		{DFB0D8C1-CC2A-4193-AB95-131CC354553A}.Release|Any CPU.ActiveCfg = Release|Any CPU
		{DFB0D8C1-CC2A-4193-AB95-131CC354553A}.Release|Any CPU.Build.0 = Release|Any CPU
	EndGlobalSection
	GlobalSection(SolutionProperties) = preSolution
		HideSolutionNode = FALSE
	EndGlobalSection
	GlobalSection(ExtensibilityGlobals) = postSolution
		SolutionGuid = {95F51311-3F72-4B93-9F2F-E2D64E1F0DBC}
	EndGlobalSection
EndGlobal
